
Microsoft Visual Studio Solution File, Format Version 12.00
# Visual Studio Version 16
VisualStudioVersion = 16.0.29521.150
MinimumVisualStudioVersion = 10.0.40219.1
Project("{FAE04EC0-301F-11D3-BF4B-00C04F79EFBC}") = "BlazingShop", "BlazingShop\BlazingShop.csproj", "{0F8A0EB7-1636-4871-B4F5-D5B4F872BA09}"
EndProject
Global
	GlobalSection(SolutionConfigurationPlatforms) = preSolution
		Debug|Any CPU = Debug|Any CPU
		Release|Any CPU = Release|Any CPU
	EndGlobalSection
	GlobalSection(ProjectConfigurationPlatforms) = postSolution
		{0F8A0EB7-1636-4871-B4F5-D5B4F872BA09}.Debug|Any CPU.ActiveCfg = Debug|Any CPU
		{0F8A0EB7-1636-4871-B4F5-D5B4F872BA09}.Debug|Any CPU.Build.0 = Debug|Any CPU
		{0F8A0EB7-1636-4871-B4F5-D5B4F872BA09}.Release|Any CPU.ActiveCfg = Release|Any CPU
		{0F8A0EB7-1636-4871-B4F5-D5B4F872BA09}.Release|Any CPU.Build.0 = Release|Any CPU
	EndGlobalSection
	GlobalSection(SolutionProperties) = preSolution
		HideSolutionNode = FALSE
	EndGlobalSection
	GlobalSection(ExtensibilityGlobals) = postSolution
		SolutionGuid = {68D10165-E73B-4653-9E81-2DA94AD6C037}
	EndGlobalSection
EndGlobal
